
Microsoft Visual Studio Solution File, Format Version 12.00
# Visual Studio Version 17
VisualStudioVersion = 17.9.34728.123
MinimumVisualStudioVersion = 10.0.40219.1
Project("{FAE04EC0-301F-11D3-BF4B-00C04F79EFBC}") = "Calculadora de partidas rankeadas", "Calculadora de partidas rankeadas.csproj", "{C6E2FA0A-8799-47EE-9CEA-1C63E4E17D5E}"
EndProject
Global
	GlobalSection(SolutionConfigurationPlatforms) = preSolution
		Debug|Any CPU = Debug|Any CPU
		Release|Any CPU = Release|Any CPU
	EndGlobalSection
	GlobalSection(ProjectConfigurationPlatforms) = postSolution
		{C6E2FA0A-8799-47EE-9CEA-1C63E4E17D5E}.Debug|Any CPU.ActiveCfg = Debug|Any CPU
		{C6E2FA0A-8799-47EE-9CEA-1C63E4E17D5E}.Debug|Any CPU.Build.0 = Debug|Any CPU
		{C6E2FA0A-8799-47EE-9CEA-1C63E4E17D5E}.Release|Any CPU.ActiveCfg = Release|Any CPU
		{C6E2FA0A-8799-47EE-9CEA-1C63E4E17D5E}.Release|Any CPU.Build.0 = Release|Any CPU
	EndGlobalSection
	GlobalSection(SolutionProperties) = preSolution
		HideSolutionNode = FALSE
	EndGlobalSection
	GlobalSection(ExtensibilityGlobals) = postSolution
		SolutionGuid = {5AC1A4C5-656B-4D82-BA27-9CD38131E91E}
	EndGlobalSection
EndGlobal
